{
  "requires": true,
  "lockfileVersion": 1,
  "dependencies": {
    "highcharts": {
      "version": "6.2.0",
      "resolved": "https://registry.npmjs.org/highcharts/-/highcharts-6.2.0.tgz",
      "integrity": "sha512-A4E89MA+kto8giic7zyLU6ZxfXnVeCUlKOyzFsah3+n4BROx4bgonl92KIBtwLud/mIWir8ahqhuhe2by9LakQ=="
    },
    "primeicons": {
      "version": "1.0.0",
      "resolved": "https://registry.npmjs.org/primeicons/-/primeicons-1.0.0.tgz",
      "integrity": "sha512-p/hzIjUVccW4eJPhuORHI3AUkDpqfvCQVrjxbFEejnTEdWY4C8fomVfjiaA9jCu83fSQnBHuRIGB96iAR8R6uA=="
    },
    "primeng": {
      "version": "6.1.6",
      "resolved": "https://registry.npmjs.org/primeng/-/primeng-6.1.6.tgz",
      "integrity": "sha512-9QYkXfBuSwx5zZej5QiEWhdAFJPc+f9h6PXuFtw4PzUfOhPmnoUxR5K04xeFreCNP13WwP3Uh/U3o7mY0PZtQA=="
    }
  }
}
